
Microsoft Visual Studio Solution File, Format Version 12.00
# Visual Studio Version 17
VisualStudioVersion = 17.5.33530.505
MinimumVisualStudioVersion = 10.0.40219.1
Project("{FAE04EC0-301F-11D3-BF4B-00C04F79EFBC}") = "CyberArk Password Retrival", "CyberArk Password Retrival\CyberArk Password Retrival.csproj", "{DA315FBE-54EC-43CE-9524-27E5919BD4DE}"
EndProject
Global
	GlobalSection(SolutionConfigurationPlatforms) = preSolution
		Debug|Any CPU = Debug|Any CPU
		Release|Any CPU = Release|Any CPU
	EndGlobalSection
	GlobalSection(ProjectConfigurationPlatforms) = postSolution
		{DA315FBE-54EC-43CE-9524-27E5919BD4DE}.Debug|Any CPU.ActiveCfg = Debug|Any CPU
		{DA315FBE-54EC-43CE-9524-27E5919BD4DE}.Debug|Any CPU.Build.0 = Debug|Any CPU
		{DA315FBE-54EC-43CE-9524-27E5919BD4DE}.Release|Any CPU.ActiveCfg = Release|Any CPU
		{DA315FBE-54EC-43CE-9524-27E5919BD4DE}.Release|Any CPU.Build.0 = Release|Any CPU
	EndGlobalSection
	GlobalSection(SolutionProperties) = preSolution
		HideSolutionNode = FALSE
	EndGlobalSection
	GlobalSection(ExtensibilityGlobals) = postSolution
		SolutionGuid = {510B258D-30BE-4577-B96A-1A8099A568F0}
	EndGlobalSection
EndGlobal
